# This file is automatically @generated by Cargo.
# It is not intended for manual editing.
[[package]]
name = "dev-deps"
version = "0.1.0"
dependencies = [
 "lazy_static 0.2.6 (registry+https://github.com/rust-lang/crates.io-index)",
]

[[package]]
name = "lazy_static"
version = "0.2.6"
source = "registry+https://github.com/rust-lang/crates.io-index"

[metadata]
"checksum lazy_static 0.2.6 (registry+https://github.com/rust-lang/crates.io-index)" = "2f61b8421c7a4648c391611625d56fdd5c7567da05af1be655fd8cacc643abb3"
